
Microsoft Visual Studio Solution File, Format Version 12.00
# Visual Studio Version 16
VisualStudioVersion = 16.0.31005.135
MinimumVisualStudioVersion = 10.0.40219.1
Project("{FAE04EC0-301F-11D3-BF4B-00C04F79EFBC}") = "HelloWorld", "HelloWorld\HelloWorld.csproj", "{F0B9B6E0-9AC3-41E2-8334-068703D4766A}"
EndProject
Global
	GlobalSection(SolutionConfigurationPlatforms) = preSolution
		Debug|Any CPU = Debug|Any CPU
		Release|Any CPU = Release|Any CPU
	EndGlobalSection
	GlobalSection(ProjectConfigurationPlatforms) = postSolution
		{F0B9B6E0-9AC3-41E2-8334-068703D4766A}.Debug|Any CPU.ActiveCfg = Debug|Any CPU
		{F0B9B6E0-9AC3-41E2-8334-068703D4766A}.Debug|Any CPU.Build.0 = Debug|Any CPU
		{F0B9B6E0-9AC3-41E2-8334-068703D4766A}.Release|Any CPU.ActiveCfg = Release|Any CPU
		{F0B9B6E0-9AC3-41E2-8334-068703D4766A}.Release|Any CPU.Build.0 = Release|Any CPU
	EndGlobalSection
	GlobalSection(SolutionProperties) = preSolution
		HideSolutionNode = FALSE
	EndGlobalSection
	GlobalSection(ExtensibilityGlobals) = postSolution
		SolutionGuid = {4EBC0961-C8BD-405B-ACBE-36DB1AA83A73}
	EndGlobalSection
EndGlobal
