
Microsoft Visual Studio Solution File, Format Version 12.00
# Visual Studio Version 16
VisualStudioVersion = 16.0.31005.135
MinimumVisualStudioVersion = 10.0.40219.1
Project("{FAE04EC0-301F-11D3-BF4B-00C04F79EFBC}") = "variaveis", "variaveis\variaveis.csproj", "{50010776-AE62-41AD-842A-A134ABC1F39F}"
EndProject
Global
	GlobalSection(SolutionConfigurationPlatforms) = preSolution
		Debug|Any CPU = Debug|Any CPU
		Release|Any CPU = Release|Any CPU
	EndGlobalSection
	GlobalSection(ProjectConfigurationPlatforms) = postSolution
		{50010776-AE62-41AD-842A-A134ABC1F39F}.Debug|Any CPU.ActiveCfg = Debug|Any CPU
		{50010776-AE62-41AD-842A-A134ABC1F39F}.Debug|Any CPU.Build.0 = Debug|Any CPU
		{50010776-AE62-41AD-842A-A134ABC1F39F}.Release|Any CPU.ActiveCfg = Release|Any CPU
		{50010776-AE62-41AD-842A-A134ABC1F39F}.Release|Any CPU.Build.0 = Release|Any CPU
	EndGlobalSection
	GlobalSection(SolutionProperties) = preSolution
		HideSolutionNode = FALSE
	EndGlobalSection
	GlobalSection(ExtensibilityGlobals) = postSolution
		SolutionGuid = {485E02BF-7CE3-4094-AD0D-8EA3BC2676A3}
	EndGlobalSection
EndGlobal
